
Microsoft Visual Studio Solution File, Format Version 12.00
# Visual Studio 15
VisualStudioVersion = 15.0.28010.2036
MinimumVisualStudioVersion = 10.0.40219.1
Project("{FAE04EC0-301F-11D3-BF4B-00C04F79EFBC}") = "Test", "Test\Test.csproj", "{1E9535CF-A56A-41C8-85A8-47C8F60FC73B}"
EndProject
Global
	GlobalSection(SolutionConfigurationPlatforms) = preSolution
		Debug|Any CPU = Debug|Any CPU
		Release|Any CPU = Release|Any CPU
	EndGlobalSection
	GlobalSection(ProjectConfigurationPlatforms) = postSolution
		{1E9535CF-A56A-41C8-85A8-47C8F60FC73B}.Debug|Any CPU.ActiveCfg = Debug|Any CPU
		{1E9535CF-A56A-41C8-85A8-47C8F60FC73B}.Debug|Any CPU.Build.0 = Debug|Any CPU
		{1E9535CF-A56A-41C8-85A8-47C8F60FC73B}.Release|Any CPU.ActiveCfg = Release|Any CPU
		{1E9535CF-A56A-41C8-85A8-47C8F60FC73B}.Release|Any CPU.Build.0 = Release|Any CPU
	EndGlobalSection
	GlobalSection(SolutionProperties) = preSolution
		HideSolutionNode = FALSE
	EndGlobalSection
	GlobalSection(ExtensibilityGlobals) = postSolution
		SolutionGuid = {8BFA47A3-606E-4AC0-829E-2DDC63F47206}
	EndGlobalSection
EndGlobal
